{
  "name": "@gmtool/vue-components",
  "version": "1.0.0",
  "lockfileVersion": 2,
  "requires": true,
  "packages": {
    "": {
      "name": "@gmtool/vue-components",
      "version": "1.0.0",
      "license": "ISC",
      "devDependencies": {
        "@vitejs/plugin-vue": "latest",
        "@vueuse/core": "^8.9.4",
        "element-plus": "2.2.10",
        "vite": "^3.0.3",
        "vue": "^3.0.0",
        "vue-demi": "latest"
      },
      "peerDependencies": {
        "@vue/composition-api": "^1.0.0-rc.1",
        "vue": "^2.0.0 || >=3.0.0"
      },
      "peerDependenciesMeta": {
        "@vue/composition-api": {
          "optional": true
        },
        "vue": {
          "optional": true
        }
      }
    },
    "../../node_modules/.pnpm/@vitejs+plugin-vue@3.0.1_vite@3.0.3+vue@3.2.37/node_modules/@vitejs/plugin-vue": {
      "version": "3.0.1",
      "extraneous": true,
      "license": "MIT",
      "devDependencies": {
        "@jridgewell/gen-mapping": "^0.3.2",
        "@jridgewell/trace-mapping": "^0.3.14",
        "debug": "^4.3.4",
        "rollup": "^2.75.6",
        "slash": "^4.0.0",
        "source-map": "^0.6.1",
        "vite": "workspace:*",
        "vue": "^3.2.37"
      },
      "engines": {
        "node": "^14.18.0 || >=16.0.0"
      },
      "peerDependencies": {
        "vite": "^3.0.0",
        "vue": "^3.2.25"
      }
    },
    "../../node_modules/.pnpm/@vueuse+core@8.9.4_vue@3.2.37/node_modules/@vueuse/core": {
      "version": "8.9.4",
      "dev": true,
      "license": "MIT",
      "dependencies": {
        "@types/web-bluetooth": "^0.0.14",
        "@vueuse/metadata": "8.9.4",
        "@vueuse/shared": "8.9.4",
        "vue-demi": "*"
      },
      "funding": {
        "url": "https://github.com/sponsors/antfu"
      },
      "peerDependencies": {
        "@vue/composition-api": "^1.1.0",
        "vue": "^2.6.0 || ^3.2.0"
      },
      "peerDependenciesMeta": {
        "@vue/composition-api": {
          "optional": true
        },
        "vue": {
          "optional": true
        }
      }
    },
    "../../node_modules/.pnpm/element-plus@2.2.10_vue@3.2.37/node_modules/element-plus": {
      "version": "2.2.10",
      "dev": true,
      "license": "MIT",
      "dependencies": {
        "@ctrl/tinycolor": "^3.4.1",
        "@element-plus/icons-vue": "^2.0.6",
        "@floating-ui/dom": "^0.5.4",
        "@popperjs/core": "npm:@sxzz/popperjs-es@^2.11.7",
        "@types/lodash": "^4.14.182",
        "@types/lodash-es": "^4.17.6",
        "@vueuse/core": "^8.7.5",
        "async-validator": "^4.2.5",
        "dayjs": "^1.11.3",
        "escape-html": "^1.0.3",
        "lodash": "^4.17.21",
        "lodash-es": "^4.17.21",
        "lodash-unified": "^1.0.2",
        "memoize-one": "^6.0.0",
        "normalize-wheel-es": "^1.1.2"
      },
      "devDependencies": {
        "@types/node": "*",
        "csstype": "^2.6.20",
        "vue": "^3.2.37",
        "vue-router": "^4.0.16"
      },
      "peerDependencies": {
        "vue": "^3.2.0"
      }
    },
    "../../node_modules/.pnpm/vite@3.0.3/node_modules/vite": {
      "version": "3.0.3",
      "dev": true,
      "license": "MIT",
      "dependencies": {
        "esbuild": "^0.14.47",
        "postcss": "^8.4.14",
        "resolve": "^1.22.1",
        "rollup": "^2.75.6"
      },
      "bin": {
        "vite": "bin/vite.js"
      },
      "devDependencies": {
        "@ampproject/remapping": "^2.2.0",
        "@babel/parser": "^7.18.9",
        "@babel/types": "^7.18.9",
        "@jridgewell/trace-mapping": "^0.3.14",
        "@rollup/plugin-alias": "^3.1.9",
        "@rollup/plugin-commonjs": "^22.0.1",
        "@rollup/plugin-dynamic-import-vars": "^1.4.3",
        "@rollup/plugin-json": "^4.1.0",
        "@rollup/plugin-node-resolve": "13.3.0",
        "@rollup/plugin-typescript": "^8.3.3",
        "@rollup/pluginutils": "^4.2.1",
        "@vue/compiler-dom": "^3.2.37",
        "acorn": "^8.7.1",
        "cac": "^6.7.12",
        "chokidar": "^3.5.3",
        "connect": "^3.7.0",
        "connect-history-api-fallback": "^2.0.0",
        "convert-source-map": "^1.8.0",
        "cors": "^2.8.5",
        "cross-spawn": "^7.0.3",
        "debug": "^4.3.4",
        "dotenv": "^14.3.2",
        "dotenv-expand": "^5.1.0",
        "es-module-lexer": "^0.10.5",
        "estree-walker": "^3.0.1",
        "etag": "^1.8.1",
        "fast-glob": "^3.2.11",
        "http-proxy": "^1.18.1",
        "json5": "^2.2.1",
        "launch-editor-middleware": "^2.4.0",
        "magic-string": "^0.26.2",
        "micromatch": "^4.0.5",
        "mlly": "^0.5.4",
        "mrmime": "^1.0.1",
        "okie": "^1.0.1",
        "open": "^8.4.0",
        "periscopic": "^3.0.4",
        "picocolors": "^1.0.0",
        "postcss-import": "^14.1.0",
        "postcss-load-config": "^4.0.1",
        "postcss-modules": "^4.3.1",
        "resolve.exports": "^1.1.0",
        "rollup-plugin-license": "^2.8.1",
        "sirv": "^2.0.2",
        "source-map-js": "^1.0.2",
        "source-map-support": "^0.5.21",
        "strip-ansi": "^7.0.1",
        "strip-literal": "^0.4.0",
        "tsconfck": "^2.0.1",
        "tslib": "^2.4.0",
        "types": "link:./types",
        "ufo": "^0.8.5",
        "ws": "^8.8.1"
      },
      "engines": {
        "node": "^14.18.0 || >=16.0.0"
      },
      "optionalDependencies": {
        "fsevents": "~2.3.2"
      },
      "peerDependencies": {
        "less": "*",
        "sass": "*",
        "stylus": "*",
        "terser": "^5.4.0"
      },
      "peerDependenciesMeta": {
        "less": {
          "optional": true
        },
        "sass": {
          "optional": true
        },
        "stylus": {
          "optional": true
        },
        "terser": {
          "optional": true
        }
      }
    },
    "../../node_modules/.pnpm/vue-demi@0.13.6_vue@3.2.37/node_modules/vue-demi": {
      "version": "0.13.6",
      "extraneous": true,
      "hasInstallScript": true,
      "license": "MIT",
      "bin": {
        "vue-demi-fix": "bin/vue-demi-fix.js",
        "vue-demi-switch": "bin/vue-demi-switch.js"
      },
      "engines": {
        "node": ">=12"
      },
      "funding": {
        "url": "https://github.com/sponsors/antfu"
      },
      "peerDependencies": {
        "@vue/composition-api": "^1.0.0-rc.1",
        "vue": "^3.0.0-0 || ^2.6.0"
      },
      "peerDependenciesMeta": {
        "@vue/composition-api": {
          "optional": true
        }
      }
    },
    "../../node_modules/.pnpm/vue@3.2.37/node_modules/vue": {
      "version": "3.2.37",
      "dev": true,
      "license": "MIT",
      "dependencies": {
        "@vue/compiler-dom": "3.2.37",
        "@vue/compiler-sfc": "3.2.37",
        "@vue/runtime-dom": "3.2.37",
        "@vue/server-renderer": "3.2.37",
        "@vue/shared": "3.2.37"
      }
    },
    "node_modules/@vitejs/plugin-vue": {
      "version": "3.0.1",
      "resolved": "https://registry.npmjs.org/@vitejs/plugin-vue/-/plugin-vue-3.0.1.tgz",
      "integrity": "sha512-Ll9JgxG7ONIz/XZv3dssfoMUDu9qAnlJ+km+pBA0teYSXzwPCIzS/e1bmwNYl5dcQGs677D21amgfYAnzMl17A==",
      "dev": true,
      "engines": {
        "node": "^14.18.0 || >=16.0.0"
      },
      "peerDependencies": {
        "vite": "^3.0.0",
        "vue": "^3.2.25"
      }
    },
    "node_modules/@vueuse/core": {
      "resolved": "../../node_modules/.pnpm/@vueuse+core@8.9.4_vue@3.2.37/node_modules/@vueuse/core",
      "link": true
    },
    "node_modules/element-plus": {
      "resolved": "../../node_modules/.pnpm/element-plus@2.2.10_vue@3.2.37/node_modules/element-plus",
      "link": true
    },
    "node_modules/vite": {
      "resolved": "../../node_modules/.pnpm/vite@3.0.3/node_modules/vite",
      "link": true
    },
    "node_modules/vue": {
      "resolved": "../../node_modules/.pnpm/vue@3.2.37/node_modules/vue",
      "link": true
    },
    "node_modules/vue-demi": {
      "version": "0.13.6",
      "resolved": "https://registry.npmjs.org/vue-demi/-/vue-demi-0.13.6.tgz",
      "integrity": "sha512-02NYpxgyGE2kKGegRPYlNQSL1UWfA/+JqvzhGCOYjhfbLWXU5QQX0+9pAm/R2sCOPKr5NBxVIab7fvFU0B1RxQ==",
      "dev": true,
      "hasInstallScript": true,
      "bin": {
        "vue-demi-fix": "bin/vue-demi-fix.js",
        "vue-demi-switch": "bin/vue-demi-switch.js"
      },
      "engines": {
        "node": ">=12"
      },
      "funding": {
        "url": "https://github.com/sponsors/antfu"
      },
      "peerDependencies": {
        "@vue/composition-api": "^1.0.0-rc.1",
        "vue": "^3.0.0-0 || ^2.6.0"
      },
      "peerDependenciesMeta": {
        "@vue/composition-api": {
          "optional": true
        }
      }
    }
  },
  "dependencies": {
    "@vitejs/plugin-vue": {
      "version": "3.0.1",
      "resolved": "https://registry.npmjs.org/@vitejs/plugin-vue/-/plugin-vue-3.0.1.tgz",
      "integrity": "sha512-Ll9JgxG7ONIz/XZv3dssfoMUDu9qAnlJ+km+pBA0teYSXzwPCIzS/e1bmwNYl5dcQGs677D21amgfYAnzMl17A==",
      "dev": true,
      "requires": {}
    },
    "@vueuse/core": {
      "version": "file:../../node_modules/.pnpm/@vueuse+core@8.9.4_vue@3.2.37/node_modules/@vueuse/core",
      "requires": {
        "@types/web-bluetooth": "^0.0.14",
        "@vueuse/metadata": "8.9.4",
        "@vueuse/shared": "8.9.4",
        "vue-demi": "*"
      }
    },
    "element-plus": {
      "version": "file:../../node_modules/.pnpm/element-plus@2.2.10_vue@3.2.37/node_modules/element-plus",
      "requires": {
        "@ctrl/tinycolor": "^3.4.1",
        "@element-plus/icons-vue": "^2.0.6",
        "@floating-ui/dom": "^0.5.4",
        "@popperjs/core": "npm:@sxzz/popperjs-es@^2.11.7",
        "@types/lodash": "^4.14.182",
        "@types/lodash-es": "^4.17.6",
        "@types/node": "*",
        "@vueuse/core": "^8.7.5",
        "async-validator": "^4.2.5",
        "csstype": "^2.6.20",
        "dayjs": "^1.11.3",
        "escape-html": "^1.0.3",
        "lodash": "^4.17.21",
        "lodash-es": "^4.17.21",
        "lodash-unified": "^1.0.2",
        "memoize-one": "^6.0.0",
        "normalize-wheel-es": "^1.1.2",
        "vue": "^3.2.37",
        "vue-router": "^4.0.16"
      }
    },
    "vite": {
      "version": "file:../../node_modules/.pnpm/vite@3.0.3/node_modules/vite",
      "requires": {
        "@ampproject/remapping": "^2.2.0",
        "@babel/parser": "^7.18.9",
        "@babel/types": "^7.18.9",
        "@jridgewell/trace-mapping": "^0.3.14",
        "@rollup/plugin-alias": "^3.1.9",
        "@rollup/plugin-commonjs": "^22.0.1",
        "@rollup/plugin-dynamic-import-vars": "^1.4.3",
        "@rollup/plugin-json": "^4.1.0",
        "@rollup/plugin-node-resolve": "13.3.0",
        "@rollup/plugin-typescript": "^8.3.3",
        "@rollup/pluginutils": "^4.2.1",
        "@vue/compiler-dom": "^3.2.37",
        "acorn": "^8.7.1",
        "cac": "^6.7.12",
        "chokidar": "^3.5.3",
        "connect": "^3.7.0",
        "connect-history-api-fallback": "^2.0.0",
        "convert-source-map": "^1.8.0",
        "cors": "^2.8.5",
        "cross-spawn": "^7.0.3",
        "debug": "^4.3.4",
        "dotenv": "^14.3.2",
        "dotenv-expand": "^5.1.0",
        "es-module-lexer": "^0.10.5",
        "esbuild": "^0.14.47",
        "estree-walker": "^3.0.1",
        "etag": "^1.8.1",
        "fast-glob": "^3.2.11",
        "fsevents": "~2.3.2",
        "http-proxy": "^1.18.1",
        "json5": "^2.2.1",
        "launch-editor-middleware": "^2.4.0",
        "magic-string": "^0.26.2",
        "micromatch": "^4.0.5",
        "mlly": "^0.5.4",
        "mrmime": "^1.0.1",
        "okie": "^1.0.1",
        "open": "^8.4.0",
        "periscopic": "^3.0.4",
        "picocolors": "^1.0.0",
        "postcss": "^8.4.14",
        "postcss-import": "^14.1.0",
        "postcss-load-config": "^4.0.1",
        "postcss-modules": "^4.3.1",
        "resolve": "^1.22.1",
        "resolve.exports": "^1.1.0",
        "rollup": "^2.75.6",
        "rollup-plugin-license": "^2.8.1",
        "sirv": "^2.0.2",
        "source-map-js": "^1.0.2",
        "source-map-support": "^0.5.21",
        "strip-ansi": "^7.0.1",
        "strip-literal": "^0.4.0",
        "tsconfck": "^2.0.1",
        "tslib": "^2.4.0",
        "types": "link:./types",
        "ufo": "^0.8.5",
        "ws": "^8.8.1"
      }
    },
    "vue": {
      "version": "file:../../node_modules/.pnpm/vue@3.2.37/node_modules/vue",
      "requires": {
        "@vue/compiler-dom": "3.2.37",
        "@vue/compiler-sfc": "3.2.37",
        "@vue/runtime-dom": "3.2.37",
        "@vue/server-renderer": "3.2.37",
        "@vue/shared": "3.2.37"
      }
    },
    "vue-demi": {
      "version": "0.13.6",
      "resolved": "https://registry.npmjs.org/vue-demi/-/vue-demi-0.13.6.tgz",
      "integrity": "sha512-02NYpxgyGE2kKGegRPYlNQSL1UWfA/+JqvzhGCOYjhfbLWXU5QQX0+9pAm/R2sCOPKr5NBxVIab7fvFU0B1RxQ==",
      "dev": true,
      "requires": {}
    }
  }
}
